// !$*UTF8*$!
{
	archiveVersion = 1;
	classes = {
	};
	objectVersion = 46;
	objects = {

/* Begin PBXBuildFile section */
		18E9D7CC1E064CFD0032469F /* Cell.swift in Sources */ = {isa = PBXBuildFile; fileRef = 18E9D7CB1E064CFD0032469F /* Cell.swift */; };
		18E9D7CE1E0660360032469F /* DraggableCollectionView.swift in Sources */ = {isa = PBXBuildFile; fileRef = 18E9D7CD1E0660360032469F /* DraggableCollectionView.swift */; };
		18F9994B1D7FCAB10038D681 /* AppDelegate.swift in Sources */ = {isa = PBXBuildFile; fileRef = 18F9994A1D7FCAB10038D681 /* AppDelegate.swift */; };
		18F9994D1D7FCAB10038D681 /* ViewController.swift in Sources */ = {isa = PBXBuildFile; fileRef = 18F9994C1D7FCAB10038D681 /* ViewController.swift */; };
		18F999501D7FCAB10038D681 /* Main.storyboard in Resources */ = {isa = PBXBuildFile; fileRef = 18F9994E1D7FCAB10038D681 /* Main.storyboard */; };
		18F999521D7FCAB10038D681 /* Assets.xcassets in Resources */ = {isa = PBXBuildFile; fileRef = 18F999511D7FCAB10038D681 /* Assets.xcassets */; };
		18F999551D7FCAB10038D681 /* LaunchScreen.storyboard in Resources */ = {isa = PBXBuildFile; fileRef = 18F999531D7FCAB10038D681 /* LaunchScreen.storyboard */; };
		18F999601D7FCAB10038D681 /* DragSelectionTests.swift in Sources */ = {isa = PBXBuildFile; fileRef = 18F9995F1D7FCAB10038D681 /* DragSelectionTests.swift */; };
		18F9996B1D7FCAB10038D681 /* DragSelectionUITests.swift in Sources */ = {isa = PBXBuildFile; fileRef = 18F9996A1D7FCAB10038D681 /* DragSelectionUITests.swift */; };
/* End PBXBuildFile section */

/* Begin PBXContainerItemProxy section */
		18F9995C1D7FCAB10038D681 /* PBXContainerItemProxy */ = {
			isa = PBXContainerItemProxy;
			containerPortal = 18F9993F1D7FCAB10038D681 /* Project object */;
			proxyType = 1;
			remoteGlobalIDString = 18F999461D7FCAB10038D681;
			remoteInfo = DragSelection;
		};
		18F999671D7FCAB10038D681 /* PBXContainerItemProxy */ = {
			isa = PBXContainerItemProxy;
			containerPortal = 18F9993F1D7FCAB10038D681 /* Project object */;
			proxyType = 1;
			remoteGlobalIDString = 18F999461D7FCAB10038D681;
			remoteInfo = DragSelection;
		};
/* End PBXContainerItemProxy section */

/* Begin PBXFileReference section */
		18E9D7CB1E064CFD0032469F /* Cell.swift */ = {isa = PBXFileReference; fileEncoding = 4; lastKnownFileType = sourcecode.swift; path = Cell.swift; sourceTree = "<group>"; };
		18E9D7CD1E0660360032469F /* DraggableCollectionView.swift */ = {isa = PBXFileReference; fileEncoding = 4; lastKnownFileType = sourcecode.swift; path = DraggableCollectionView.swift; sourceTree = "<group>"; };
		18F999471D7FCAB10038D681 /* DragSelection.app */ = {isa = PBXFileReference; explicitFileType = wrapper.application; includeInIndex = 0; path = DragSelection.app; sourceTree = BUILT_PRODUCTS_DIR; };
		18F9994A1D7FCAB10038D681 /* AppDelegate.swift */ = {isa = PBXFileReference; lastKnownFileType = sourcecode.swift; path = AppDelegate.swift; sourceTree = "<group>"; };
		18F9994C1D7FCAB10038D681 /* ViewController.swift */ = {isa = PBXFileReference; lastKnownFileType = sourcecode.swift; path = ViewController.swift; sourceTree = "<group>"; };
		18F9994F1D7FCAB10038D681 /* Base */ = {isa = PBXFileReference; lastKnownFileType = file.storyboard; name = Base; path = Base.lproj/Main.storyboard; sourceTree = "<group>"; };
		18F999511D7FCAB10038D681 /* Assets.xcassets */ = {isa = PBXFileReference; lastKnownFileType = folder.assetcatalog; path = Assets.xcassets; sourceTree = "<group>"; };
		18F999541D7FCAB10038D681 /* Base */ = {isa = PBXFileReference; lastKnownFileType = file.storyboard; name = Base; path = Base.lproj/LaunchScreen.storyboard; sourceTree = "<group>"; };
		18F999561D7FCAB10038D681 /* Info.plist */ = {isa = PBXFileReference; lastKnownFileType = text.plist.xml; path = Info.plist; sourceTree = "<group>"; };
		18F9995B1D7FCAB10038D681 /* DragSelectionTests.xctest */ = {isa = PBXFileReference; explicitFileType = wrapper.cfbundle; includeInIndex = 0; path = DragSelectionTests.xctest; sourceTree = BUILT_PRODUCTS_DIR; };
		18F9995F1D7FCAB10038D681 /* DragSelectionTests.swift */ = {isa = PBXFileReference; lastKnownFileType = sourcecode.swift; path = DragSelectionTests.swift; sourceTree = "<group>"; };
		18F999611D7FCAB10038D681 /* Info.plist */ = {isa = PBXFileReference; lastKnownFileType = text.plist.xml; path = Info.plist; sourceTree = "<group>"; };
		18F999661D7FCAB10038D681 /* DragSelectionUITests.xctest */ = {isa = PBXFileReference; explicitFileType = wrapper.cfbundle; includeInIndex = 0; path = DragSelectionUITests.xctest; sourceTree = BUILT_PRODUCTS_DIR; };
		18F9996A1D7FCAB10038D681 /* DragSelectionUITests.swift */ = {isa = PBXFileReference; lastKnownFileType = sourcecode.swift; path = DragSelectionUITests.swift; sourceTree = "<group>"; };
		18F9996C1D7FCAB10038D681 /* Info.plist */ = {isa = PBXFileReference; lastKnownFileType = text.plist.xml; path = Info.plist; sourceTree = "<group>"; };
/* End PBXFileReference section */

/* Begin PBXFrameworksBuildPhase section */
		18F999441D7FCAB10038D681 /* Frameworks */ = {
			isa = PBXFrameworksBuildPhase;
			buildActionMask = 2147483647;
			files = (
			);
			runOnlyForDeploymentPostprocessing = 0;
		};
		18F999581D7FCAB10038D681 /* Frameworks */ = {
			isa = PBXFrameworksBuildPhase;
			buildActionMask = 2147483647;
			files = (
			);
			runOnlyForDeploymentPostprocessing = 0;
		};
		18F999631D7FCAB10038D681 /* Frameworks */ = {
			isa = PBXFrameworksBuildPhase;
			buildActionMask = 2147483647;
			files = (
			);
			runOnlyForDeploymentPostprocessing = 0;
		};
/* End PBXFrameworksBuildPhase section */

/* Begin PBXGroup section */
		18956F231E2E0D6E0085D194 /* Controller */ = {
			isa = PBXGroup;
			children = (
				18F9994C1D7FCAB10038D681 /* ViewController.swift */,
			);
			name = Controller;
			sourceTree = "<group>";
		};
		18956F241E2E0D7B0085D194 /* View */ = {
			isa = PBXGroup;
			children = (
				18E9D7CB1E064CFD0032469F /* Cell.swift */,
				18E9D7CD1E0660360032469F /* DraggableCollectionView.swift */,
			);
			name = View;
			sourceTree = "<group>";
		};
		18F9993E1D7FCAB10038D681 = {
			isa = PBXGroup;
			children = (
				18F999491D7FCAB10038D681 /* DragSelection */,
				18F9995E1D7FCAB10038D681 /* DragSelectionTests */,
				18F999691D7FCAB10038D681 /* DragSelectionUITests */,
				18F999481D7FCAB10038D681 /* Products */,
			);
			sourceTree = "<group>";
		};
		18F999481D7FCAB10038D681 /* Products */ = {
			isa = PBXGroup;
			children = (
				18F999471D7FCAB10038D681 /* DragSelection.app */,
				18F9995B1D7FCAB10038D681 /* DragSelectionTests.xctest */,
				18F999661D7FCAB10038D681 /* DragSelectionUITests.xctest */,
			);
			name = Products;
			sourceTree = "<group>";
		};
		18F999491D7FCAB10038D681 /* DragSelection */ = {
			isa = PBXGroup;
			children = (
				18956F231E2E0D6E0085D194 /* Controller */,
				18956F241E2E0D7B0085D194 /* View */,
				18F9994A1D7FCAB10038D681 /* AppDelegate.swift */,
				18F999511D7FCAB10038D681 /* Assets.xcassets */,
				18F999561D7FCAB10038D681 /* Info.plist */,
				18F999531D7FCAB10038D681 /* LaunchScreen.storyboard */,
				18F9994E1D7FCAB10038D681 /* Main.storyboard */,
			);
			path = DragSelection;
			sourceTree = "<group>";
		};
		18F9995E1D7FCAB10038D681 /* DragSelectionTests */ = {
			isa = PBXGroup;
			children = (
				18F9995F1D7FCAB10038D681 /* DragSelectionTests.swift */,
				18F999611D7FCAB10038D681 /* Info.plist */,
			);
			path = DragSelectionTests;
			sourceTree = "<group>";
		};
		18F999691D7FCAB10038D681 /* DragSelectionUITests */ = {
			isa = PBXGroup;
			children = (
				18F9996A1D7FCAB10038D681 /* DragSelectionUITests.swift */,
				18F9996C1D7FCAB10038D681 /* Info.plist */,
			);
			path = DragSelectionUITests;
			sourceTree = "<group>";
		};
/* End PBXGroup section */

/* Begin PBXNativeTarget section */
		18F999461D7FCAB10038D681 /* DragSelection */ = {
			isa = PBXNativeTarget;
			buildConfigurationList = 18F9996F1D7FCAB10038D681 /* Build configuration list for PBXNativeTarget "DragSelection" */;
			buildPhases = (
				18F999431D7FCAB10038D681 /* Sources */,
				18F999441D7FCAB10038D681 /* Frameworks */,
				18F999451D7FCAB10038D681 /* Resources */,
			);
			buildRules = (
			);
			dependencies = (
			);
			name = DragSelection;
			productName = DragSelection;
			productReference = 18F999471D7FCAB10038D681 /* DragSelection.app */;
			productType = "com.apple.product-type.application";
		};
		18F9995A1D7FCAB10038D681 /* DragSelectionTests */ = {
			isa = PBXNativeTarget;
			buildConfigurationList = 18F999721D7FCAB10038D681 /* Build configuration list for PBXNativeTarget "DragSelectionTests" */;
			buildPhases = (
				18F999571D7FCAB10038D681 /* Sources */,
				18F999581D7FCAB10038D681 /* Frameworks */,
				18F999591D7FCAB10038D681 /* Resources */,
			);
			buildRules = (
			);
			dependencies = (
				18F9995D1D7FCAB10038D681 /* PBXTargetDependency */,
			);
			name = DragSelectionTests;
			productName = DragSelectionTests;
			productReference = 18F9995B1D7FCAB10038D681 /* DragSelectionTests.xctest */;
			productType = "com.apple.product-type.bundle.unit-test";
		};
		18F999651D7FCAB10038D681 /* DragSelectionUITests */ = {
			isa = PBXNativeTarget;
			buildConfigurationList = 18F999751D7FCAB10038D681 /* Build configuration list for PBXNativeTarget "DragSelectionUITests" */;
			buildPhases = (
				18F999621D7FCAB10038D681 /* Sources */,
				18F999631D7FCAB10038D681 /* Frameworks */,
				18F999641D7FCAB10038D681 /* Resources */,
			);
			buildRules = (
			);
			dependencies = (
				18F999681D7FCAB10038D681 /* PBXTargetDependency */,
			);
			name = DragSelectionUITests;
			productName = DragSelectionUITests;
			productReference = 18F999661D7FCAB10038D681 /* DragSelectionUITests.xctest */;
			productType = "com.apple.product-type.bundle.ui-testing";
		};
/* End PBXNativeTarget section */

/* Begin PBXProject section */
		18F9993F1D7FCAB10038D681 /* Project object */ = {
			isa = PBXProject;
			attributes = {
				LastSwiftUpdateCheck = 0730;
				LastUpgradeCheck = 0820;
				ORGANIZATIONNAME = Yamada;
				TargetAttributes = {
					18F999461D7FCAB10038D681 = {
						CreatedOnToolsVersion = 7.3.1;
						LastSwiftMigration = 0800;
					};
					18F9995A1D7FCAB10038D681 = {
						CreatedOnToolsVersion = 7.3.1;
						LastSwiftMigration = 0800;
						TestTargetID = 18F999461D7FCAB10038D681;
					};
					18F999651D7FCAB10038D681 = {
						CreatedOnToolsVersion = 7.3.1;
						LastSwiftMigration = 0800;
						TestTargetID = 18F999461D7FCAB10038D681;
					};
				};
			};
			buildConfigurationList = 18F999421D7FCAB10038D681 /* Build configuration list for PBXProject "DragSelection" */;
			compatibilityVersion = "Xcode 3.2";
			developmentRegion = English;
			hasScannedForEncodings = 0;
			knownRegions = (
				en,
				Base,
			);
			mainGroup = 18F9993E1D7FCAB10038D681;
			productRefGroup = 18F999481D7FCAB10038D681 /* Products */;
			projectDirPath = "";
			projectRoot = "";
			targets = (
				18F999461D7FCAB10038D681 /* DragSelection */,
				18F9995A1D7FCAB10038D681 /* DragSelectionTests */,
				18F999651D7FCAB10038D681 /* DragSelectionUITests */,
			);
		};
/* End PBXProject section */

/* Begin PBXResourcesBuildPhase section */
		18F999451D7FCAB10038D681 /* Resources */ = {
			isa = PBXResourcesBuildPhase;
			buildActionMask = 2147483647;
			files = (
				18F999551D7FCAB10038D681 /* LaunchScreen.storyboard in Resources */,
				18F999521D7FCAB10038D681 /* Assets.xcassets in Resources */,
				18F999501D7FCAB10038D681 /* Main.storyboard in Resources */,
			);
			runOnlyForDeploymentPostprocessing = 0;
		};
		18F999591D7FCAB10038D681 /* Resources */ = {
			isa = PBXResourcesBuildPhase;
			buildActionMask = 2147483647;
			files = (
			);
			runOnlyForDeploymentPostprocessing = 0;
		};
		18F999641D7FCAB10038D681 /* Resources */ = {
			isa = PBXResourcesBuildPhase;
			buildActionMask = 2147483647;
			files = (
			);
			runOnlyForDeploymentPostprocessing = 0;
		};
/* End PBXResourcesBuildPhase section */

/* Begin PBXSourcesBuildPhase section */
		18F999431D7FCAB10038D681 /* Sources */ = {
			isa = PBXSourcesBuildPhase;
			buildActionMask = 2147483647;
			files = (
				18E9D7CE1E0660360032469F /* DraggableCollectionView.swift in Sources */,
				18F9994D1D7FCAB10038D681 /* ViewController.swift in Sources */,
				18F9994B1D7FCAB10038D681 /* AppDelegate.swift in Sources */,
				18E9D7CC1E064CFD0032469F /* Cell.swift in Sources */,
			);
			runOnlyForDeploymentPostprocessing = 0;
		};
		18F999571D7FCAB10038D681 /* Sources */ = {
			isa = PBXSourcesBuildPhase;
			buildActionMask = 2147483647;
			files = (
				18F999601D7FCAB10038D681 /* DragSelectionTests.swift in Sources */,
			);
			runOnlyForDeploymentPostprocessing = 0;
		};
		18F999621D7FCAB10038D681 /* Sources */ = {
			isa = PBXSourcesBuildPhase;
			buildActionMask = 2147483647;
			files = (
				18F9996B1D7FCAB10038D681 /* DragSelectionUITests.swift in Sources */,
			);
			runOnlyForDeploymentPostprocessing = 0;
		};
/* End PBXSourcesBuildPhase section */

/* Begin PBXTargetDependency section */
		18F9995D1D7FCAB10038D681 /* PBXTargetDependency */ = {
			isa = PBXTargetDependency;
			target = 18F999461D7FCAB10038D681 /* DragSelection */;
			targetProxy = 18F9995C1D7FCAB10038D681 /* PBXContainerItemProxy */;
		};
		18F999681D7FCAB10038D681 /* PBXTargetDependency */ = {
			isa = PBXTargetDependency;
			target = 18F999461D7FCAB10038D681 /* DragSelection */;
			targetProxy = 18F999671D7FCAB10038D681 /* PBXContainerItemProxy */;
		};
/* End PBXTargetDependency section */

/* Begin PBXVariantGroup section */
		18F9994E1D7FCAB10038D681 /* Main.storyboard */ = {
			isa = PBXVariantGroup;
			children = (
				18F9994F1D7FCAB10038D681 /* Base */,
			);
			name = Main.storyboard;
			sourceTree = "<group>";
		};
		18F999531D7FCAB10038D681 /* LaunchScreen.storyboard */ = {
			isa = PBXVariantGroup;
			children = (
				18F999541D7FCAB10038D681 /* Base */,
			);
			name = LaunchScreen.storyboard;
			sourceTree = "<group>";
		};
/* End PBXVariantGroup section */

/* Begin XCBuildConfiguration section */
		18F9996D1D7FCAB10038D681 /* Debug */ = {
			isa = XCBuildConfiguration;
			buildSettings = {
				ALWAYS_SEARCH_USER_PATHS = NO;
				CLANG_ANALYZER_NONNULL = YES;
				CLANG_CXX_LANGUAGE_STANDARD = "gnu++0x";
				CLANG_CXX_LIBRARY = "libc++";
				CLANG_ENABLE_MODULES = YES;
				CLANG_ENABLE_OBJC_ARC = YES;
				CLANG_WARN_BOOL_CONVERSION = YES;
				CLANG_WARN_CONSTANT_CONVERSION = YES;
				CLANG_WARN_DIRECT_OBJC_ISA_USAGE = YES_ERROR;
				CLANG_WARN_EMPTY_BODY = YES;
				CLANG_WARN_ENUM_CONVERSION = YES;
				CLANG_WARN_INFINITE_RECURSION = YES;
				CLANG_WARN_INT_CONVERSION = YES;
				CLANG_WARN_OBJC_ROOT_CLASS = YES_ERROR;
				CLANG_WARN_SUSPICIOUS_MOVE = YES;
				CLANG_WARN_UNREACHABLE_CODE = YES;
				CLANG_WARN__DUPLICATE_METHOD_MATCH = YES;
				"CODE_SIGN_IDENTITY[sdk=iphoneos*]" = "iPhone Developer";
				COPY_PHASE_STRIP = NO;
				DEBUG_INFORMATION_FORMAT = dwarf;
				ENABLE_STRICT_OBJC_MSGSEND = YES;
				ENABLE_TESTABILITY = YES;
				GCC_C_LANGUAGE_STANDARD = gnu99;
				GCC_DYNAMIC_NO_PIC = NO;
				GCC_NO_COMMON_BLOCKS = YES;
				GCC_OPTIMIZATION_LEVEL = 0;
				GCC_PREPROCESSOR_DEFINITIONS = (
					"DEBUG=1",
					"$(inherited)",
				);
				GCC_WARN_64_TO_32_BIT_CONVERSION = YES;
				GCC_WARN_ABOUT_RETURN_TYPE = YES_ERROR;
				GCC_WARN_UNDECLARED_SELECTOR = YES;
				GCC_WARN_UNINITIALIZED_AUTOS = YES_AGGRESSIVE;
				GCC_WARN_UNUSED_FUNCTION = YES;
				GCC_WARN_UNUSED_VARIABLE = YES;
				IPHONEOS_DEPLOYMENT_TARGET = 9.3;
				MTL_ENABLE_DEBUG_INFO = YES;
				ONLY_ACTIVE_ARCH = YES;
				SDKROOT = iphoneos;
				SWIFT_OPTIMIZATION_LEVEL = "-Onone";
			};
			name = Debug;
		};
		18F9996E1D7FCAB10038D681 /* Release */ = {
			isa = XCBuildConfiguration;
			buildSettings = {
				ALWAYS_SEARCH_USER_PATHS = NO;
				CLANG_ANALYZER_NONNULL = YES;
				CLANG_CXX_LANGUAGE_STANDARD = "gnu++0x";
				CLANG_CXX_LIBRARY = "libc++";
				CLANG_ENABLE_MODULES = YES;
				CLANG_ENABLE_OBJC_ARC = YES;
				CLANG_WARN_BOOL_CONVERSION = YES;
				CLANG_WARN_CONSTANT_CONVERSION = YES;
				CLANG_WARN_DIRECT_OBJC_ISA_USAGE = YES_ERROR;
				CLANG_WARN_EMPTY_BODY = YES;
				CLANG_WARN_ENUM_CONVERSION = YES;
				CLANG_WARN_INFINITE_RECURSION = YES;
				CLANG_WARN_INT_CONVERSION = YES;
				CLANG_WARN_OBJC_ROOT_CLASS = YES_ERROR;
				CLANG_WARN_SUSPICIOUS_MOVE = YES;
				CLANG_WARN_UNREACHABLE_CODE = YES;
				CLANG_WARN__DUPLICATE_METHOD_MATCH = YES;
				"CODE_SIGN_IDENTITY[sdk=iphoneos*]" = "iPhone Developer";
				COPY_PHASE_STRIP = NO;
				DEBUG_INFORMATION_FORMAT = "dwarf-with-dsym";
				ENABLE_NS_ASSERTIONS = NO;
				ENABLE_STRICT_OBJC_MSGSEND = YES;
				GCC_C_LANGUAGE_STANDARD = gnu99;
				GCC_NO_COMMON_BLOCKS = YES;
				GCC_WARN_64_TO_32_BIT_CONVERSION = YES;
				GCC_WARN_ABOUT_RETURN_TYPE = YES_ERROR;
				GCC_WARN_UNDECLARED_SELECTOR = YES;
				GCC_WARN_UNINITIALIZED_AUTOS = YES_AGGRESSIVE;
				GCC_WARN_UNUSED_FUNCTION = YES;
				GCC_WARN_UNUSED_VARIABLE = YES;
				IPHONEOS_DEPLOYMENT_TARGET = 9.3;
				MTL_ENABLE_DEBUG_INFO = NO;
				SDKROOT = iphoneos;
				SWIFT_OPTIMIZATION_LEVEL = "-Owholemodule";
				VALIDATE_PRODUCT = YES;
			};
			name = Release;
		};
		18F999701D7FCAB10038D681 /* Debug */ = {
			isa = XCBuildConfiguration;
			buildSettings = {
				ASSETCATALOG_COMPILER_APPICON_NAME = AppIcon;
				INFOPLIST_FILE = DragSelection/Info.plist;
				LD_RUNPATH_SEARCH_PATHS = "$(inherited) @executable_path/Frameworks";
				PRODUCT_BUNDLE_IDENTIFIER = com.Yamada.DragSelection;
				PRODUCT_NAME = "$(TARGET_NAME)";
				SWIFT_VERSION = 3.0;
			};
			name = Debug;
		};
		18F999711D7FCAB10038D681 /* Release */ = {
			isa = XCBuildConfiguration;
			buildSettings = {
				ASSETCATALOG_COMPILER_APPICON_NAME = AppIcon;
				INFOPLIST_FILE = DragSelection/Info.plist;
				LD_RUNPATH_SEARCH_PATHS = "$(inherited) @executable_path/Frameworks";
				PRODUCT_BUNDLE_IDENTIFIER = com.Yamada.DragSelection;
				PRODUCT_NAME = "$(TARGET_NAME)";
				SWIFT_VERSION = 3.0;
			};
			name = Release;
		};
		18F999731D7FCAB10038D681 /* Debug */ = {
			isa = XCBuildConfiguration;
			buildSettings = {
				BUNDLE_LOADER = "$(TEST_HOST)";
				INFOPLIST_FILE = DragSelectionTests/Info.plist;
				LD_RUNPATH_SEARCH_PATHS = "$(inherited) @executable_path/Frameworks @loader_path/Frameworks";
				PRODUCT_BUNDLE_IDENTIFIER = com.Yamada.DragSelectionTests;
				PRODUCT_NAME = "$(TARGET_NAME)";
				SWIFT_VERSION = 3.0;
				TEST_HOST = "$(BUILT_PRODUCTS_DIR)/DragSelection.app/DragSelection";
			};
			name = Debug;
		};
		18F999741D7FCAB10038D681 /* Release */ = {
			isa = XCBuildConfiguration;
			buildSettings = {
				BUNDLE_LOADER = "$(TEST_HOST)";
				INFOPLIST_FILE = DragSelectionTests/Info.plist;
				LD_RUNPATH_SEARCH_PATHS = "$(inherited) @executable_path/Frameworks @loader_path/Frameworks";
				PRODUCT_BUNDLE_IDENTIFIER = com.Yamada.DragSelectionTests;
				PRODUCT_NAME = "$(TARGET_NAME)";
				SWIFT_VERSION = 3.0;
				TEST_HOST = "$(BUILT_PRODUCTS_DIR)/DragSelection.app/DragSelection";
			};
			name = Release;
		};
		18F999761D7FCAB10038D681 /* Debug */ = {
			isa = XCBuildConfiguration;
			buildSettings = {
				INFOPLIST_FILE = DragSelectionUITests/Info.plist;
				LD_RUNPATH_SEARCH_PATHS = "$(inherited) @executable_path/Frameworks @loader_path/Frameworks";
				PRODUCT_BUNDLE_IDENTIFIER = com.Yamada.DragSelectionUITests;
				PRODUCT_NAME = "$(TARGET_NAME)";
				SWIFT_VERSION = 3.0;
				TEST_TARGET_NAME = DragSelection;
			};
			name = Debug;
		};
		18F999771D7FCAB10038D681 /* Release */ = {
			isa = XCBuildConfiguration;
			buildSettings = {
				INFOPLIST_FILE = DragSelectionUITests/Info.plist;
				LD_RUNPATH_SEARCH_PATHS = "$(inherited) @executable_path/Frameworks @loader_path/Frameworks";
				PRODUCT_BUNDLE_IDENTIFIER = com.Yamada.DragSelectionUITests;
				PRODUCT_NAME = "$(TARGET_NAME)";
				SWIFT_VERSION = 3.0;
				TEST_TARGET_NAME = DragSelection;
			};
			name = Release;
		};
/* End XCBuildConfiguration section */

/* Begin XCConfigurationList section */
		18F999421D7FCAB10038D681 /* Build configuration list for PBXProject "DragSelection" */ = {
			isa = XCConfigurationList;
			buildConfigurations = (
				18F9996D1D7FCAB10038D681 /* Debug */,
				18F9996E1D7FCAB10038D681 /* Release */,
			);
			defaultConfigurationIsVisible = 0;
			defaultConfigurationName = Release;
		};
		18F9996F1D7FCAB10038D681 /* Build configuration list for PBXNativeTarget "DragSelection" */ = {
			isa = XCConfigurationList;
			buildConfigurations = (
				18F999701D7FCAB10038D681 /* Debug */,
				18F999711D7FCAB10038D681 /* Release */,
			);
			defaultConfigurationIsVisible = 0;
			defaultConfigurationName = Release;
		};
		18F999721D7FCAB10038D681 /* Build configuration list for PBXNativeTarget "DragSelectionTests" */ = {
			isa = XCConfigurationList;
			buildConfigurations = (
				18F999731D7FCAB10038D681 /* Debug */,
				18F999741D7FCAB10038D681 /* Release */,
			);
			defaultConfigurationIsVisible = 0;
			defaultConfigurationName = Release;
		};
		18F999751D7FCAB10038D681 /* Build configuration list for PBXNativeTarget "DragSelectionUITests" */ = {
			isa = XCConfigurationList;
			buildConfigurations = (
				18F999761D7FCAB10038D681 /* Debug */,
				18F999771D7FCAB10038D681 /* Release */,
			);
			defaultConfigurationIsVisible = 0;
			defaultConfigurationName = Release;
		};
/* End XCConfigurationList section */
	};
	rootObject = 18F9993F1D7FCAB10038D681 /* Project object */;
}
